// !$*UTF8*$!
{
	archiveVersion = 1;
	classes = {
	};
	objectVersion = 56;
	objects = {

/* Begin PBXBuildFile section */
		1204C7352A205F850004097A /* FirebaseAuth in Frameworks */ = {isa = PBXBuildFile; productRef = 1204C7342A205F850004097A /* FirebaseAuth */; };
		1204C7372A205F850004097A /* FirebaseAuthCombine-Community in Frameworks */ = {isa = PBXBuildFile; productRef = 1204C7362A205F850004097A /* FirebaseAuthCombine-Community */; };
		1204C7392A205F850004097A /* FirebaseDatabase in Frameworks */ = {isa = PBXBuildFile; productRef = 1204C7382A205F850004097A /* FirebaseDatabase */; };
		1204C73B2A205F850004097A /* FirebaseDatabaseSwift in Frameworks */ = {isa = PBXBuildFile; productRef = 1204C73A2A205F850004097A /* FirebaseDatabaseSwift */; };
		1204C73D2A205F850004097A /* FirebaseFirestore in Frameworks */ = {isa = PBXBuildFile; productRef = 1204C73C2A205F850004097A /* FirebaseFirestore */; };
		1204C73F2A205F850004097A /* FirebaseFirestoreCombine-Community in Frameworks */ = {isa = PBXBuildFile; productRef = 1204C73E2A205F850004097A /* FirebaseFirestoreCombine-Community */; };
		1204C7412A205F850004097A /* FirebaseFirestoreSwift in Frameworks */ = {isa = PBXBuildFile; productRef = 1204C7402A205F850004097A /* FirebaseFirestoreSwift */; };
		1204C7432A205F850004097A /* FirebaseStorage in Frameworks */ = {isa = PBXBuildFile; productRef = 1204C7422A205F850004097A /* FirebaseStorage */; };
		1204C7452A205F850004097A /* FirebaseStorageCombine-Community in Frameworks */ = {isa = PBXBuildFile; productRef = 1204C7442A205F850004097A /* FirebaseStorageCombine-Community */; };
		12418F0E2A27017C00BB7987 /* GoogleService-Info.plist in Resources */ = {isa = PBXBuildFile; fileRef = F4DE1AC02A26FAAB005267D1 /* GoogleService-Info.plist */; };
		1278FB5E2A205A0300C1D18B /* LoginViewController.swift in Sources */ = {isa = PBXBuildFile; fileRef = 1278FB5D2A205A0300C1D18B /* LoginViewController.swift */; };
		1278FB602A205A2100C1D18B /* ChatViewController.swift in Sources */ = {isa = PBXBuildFile; fileRef = 1278FB5F2A205A2100C1D18B /* ChatViewController.swift */; };
		12B1F0922A2734AF0005D60A /* MessageKit in Frameworks */ = {isa = PBXBuildFile; productRef = 12B1F0912A2734AF0005D60A /* MessageKit */; };
		12B1F09A2A2735A50005D60A /* BaseViewController.swift in Sources */ = {isa = PBXBuildFile; fileRef = 12B1F0992A2735A50005D60A /* BaseViewController.swift */; };
		12B1F09D2A2735D40005D60A /* ChannelTableViewCell.swift in Sources */ = {isa = PBXBuildFile; fileRef = 12B1F09C2A2735D40005D60A /* ChannelTableViewCell.swift */; };
		12B1F0A02A2736A10005D60A /* Channel.swift in Sources */ = {isa = PBXBuildFile; fileRef = 12B1F09F2A2736A10005D60A /* Channel.swift */; };
		12B1F0A22A2736FA0005D60A /* Mocks.swift in Sources */ = {isa = PBXBuildFile; fileRef = 12B1F0A12A2736FA0005D60A /* Mocks.swift */; };
		12B1F0A42A2737280005D60A /* BaseNavigationController.swift in Sources */ = {isa = PBXBuildFile; fileRef = 12B1F0A32A2737280005D60A /* BaseNavigationController.swift */; };
		12B1F0A62A2738DD0005D60A /* Message.swift in Sources */ = {isa = PBXBuildFile; fileRef = 12B1F0A52A2738DD0005D60A /* Message.swift */; };
		12B1F0A82A2738F20005D60A /* ImageMediaItem.swift in Sources */ = {isa = PBXBuildFile; fileRef = 12B1F0A72A2738F20005D60A /* ImageMediaItem.swift */; };
		12B1F0AA2A27390F0005D60A /* Sender.swift in Sources */ = {isa = PBXBuildFile; fileRef = 12B1F0A92A27390F0005D60A /* Sender.swift */; };
		12B1F0AD2A273D440005D60A /* SnapKit in Frameworks */ = {isa = PBXBuildFile; productRef = 12B1F0AC2A273D440005D60A /* SnapKit */; };
		12D1839F2A2055B300CA696E /* SceneDelegate.swift in Sources */ = {isa = PBXBuildFile; fileRef = 12D1839E2A2055B300CA696E /* SceneDelegate.swift */; };
		12D183A42A2055B300CA696E /* Main.storyboard in Resources */ = {isa = PBXBuildFile; fileRef = 12D183A22A2055B300CA696E /* Main.storyboard */; };
		12D183A62A2055B500CA696E /* Assets.xcassets in Resources */ = {isa = PBXBuildFile; fileRef = 12D183A52A2055B500CA696E /* Assets.xcassets */; };
		12D183A92A2055B500CA696E /* LaunchScreen.storyboard in Resources */ = {isa = PBXBuildFile; fileRef = 12D183A72A2055B500CA696E /* LaunchScreen.storyboard */; };
		12DCE5FC2A20571F00CE0B54 /* SignupViewController.swift in Sources */ = {isa = PBXBuildFile; fileRef = 12DCE5FB2A20571F00CE0B54 /* SignupViewController.swift */; };
		F15B222D2A24E78F00CAED3C /* ViewController.swift in Sources */ = {isa = PBXBuildFile; fileRef = 12D183A02A2055B300CA696E /* ViewController.swift */; };
/* End PBXBuildFile section */

/* Begin PBXFileReference section */
		1278FB5D2A205A0300C1D18B /* LoginViewController.swift */ = {isa = PBXFileReference; lastKnownFileType = sourcecode.swift; path = LoginViewController.swift; sourceTree = "<group>"; };
		1278FB5F2A205A2100C1D18B /* ChatViewController.swift */ = {isa = PBXFileReference; lastKnownFileType = sourcecode.swift; path = ChatViewController.swift; sourceTree = "<group>"; };
		12B1F0992A2735A50005D60A /* BaseViewController.swift */ = {isa = PBXFileReference; lastKnownFileType = sourcecode.swift; path = BaseViewController.swift; sourceTree = "<group>"; };
		12B1F09C2A2735D40005D60A /* ChannelTableViewCell.swift */ = {isa = PBXFileReference; lastKnownFileType = sourcecode.swift; path = ChannelTableViewCell.swift; sourceTree = "<group>"; };
		12B1F09F2A2736A10005D60A /* Channel.swift */ = {isa = PBXFileReference; lastKnownFileType = sourcecode.swift; path = Channel.swift; sourceTree = "<group>"; };
		12B1F0A12A2736FA0005D60A /* Mocks.swift */ = {isa = PBXFileReference; lastKnownFileType = sourcecode.swift; path = Mocks.swift; sourceTree = "<group>"; };
		12B1F0A32A2737280005D60A /* BaseNavigationController.swift */ = {isa = PBXFileReference; lastKnownFileType = sourcecode.swift; path = BaseNavigationController.swift; sourceTree = "<group>"; };
		12B1F0A52A2738DD0005D60A /* Message.swift */ = {isa = PBXFileReference; lastKnownFileType = sourcecode.swift; path = Message.swift; sourceTree = "<group>"; };
		12B1F0A72A2738F20005D60A /* ImageMediaItem.swift */ = {isa = PBXFileReference; lastKnownFileType = sourcecode.swift; path = ImageMediaItem.swift; sourceTree = "<group>"; };
		12B1F0A92A27390F0005D60A /* Sender.swift */ = {isa = PBXFileReference; lastKnownFileType = sourcecode.swift; path = Sender.swift; sourceTree = "<group>"; };
		12D183992A2055B300CA696E /* chatting.app */ = {isa = PBXFileReference; explicitFileType = wrapper.application; includeInIndex = 0; path = chatting.app; sourceTree = BUILT_PRODUCTS_DIR; };
		12D1839C2A2055B300CA696E /* AppDelegate.swift */ = {isa = PBXFileReference; lastKnownFileType = sourcecode.swift; path = AppDelegate.swift; sourceTree = "<group>"; };
		12D1839E2A2055B300CA696E /* SceneDelegate.swift */ = {isa = PBXFileReference; lastKnownFileType = sourcecode.swift; path = SceneDelegate.swift; sourceTree = "<group>"; };
		12D183A02A2055B300CA696E /* ViewController.swift */ = {isa = PBXFileReference; lastKnownFileType = sourcecode.swift; path = ViewController.swift; sourceTree = "<group>"; };
		12D183A32A2055B300CA696E /* Base */ = {isa = PBXFileReference; lastKnownFileType = file.storyboard; name = Base; path = Base.lproj/Main.storyboard; sourceTree = "<group>"; };
		12D183A52A2055B500CA696E /* Assets.xcassets */ = {isa = PBXFileReference; lastKnownFileType = folder.assetcatalog; path = Assets.xcassets; sourceTree = "<group>"; };
		12D183A82A2055B500CA696E /* Base */ = {isa = PBXFileReference; lastKnownFileType = file.storyboard; name = Base; path = Base.lproj/LaunchScreen.storyboard; sourceTree = "<group>"; };
		12D183AA2A2055B500CA696E /* Info.plist */ = {isa = PBXFileReference; lastKnownFileType = text.plist.xml; path = Info.plist; sourceTree = "<group>"; };
		12DCE5FB2A20571F00CE0B54 /* SignupViewController.swift */ = {isa = PBXFileReference; lastKnownFileType = sourcecode.swift; path = SignupViewController.swift; sourceTree = "<group>"; };
		F4DE1AC02A26FAAB005267D1 /* GoogleService-Info.plist */ = {isa = PBXFileReference; fileEncoding = 4; lastKnownFileType = text.plist.xml; path = "GoogleService-Info.plist"; sourceTree = "<group>"; };
/* End PBXFileReference section */

/* Begin PBXFrameworksBuildPhase section */
		12D183962A2055B300CA696E /* Frameworks */ = {
			isa = PBXFrameworksBuildPhase;
			buildActionMask = 2147483647;
			files = (
				1204C73B2A205F850004097A /* FirebaseDatabaseSwift in Frameworks */,
				1204C7392A205F850004097A /* FirebaseDatabase in Frameworks */,
				1204C7352A205F850004097A /* FirebaseAuth in Frameworks */,
				1204C7412A205F850004097A /* FirebaseFirestoreSwift in Frameworks */,
				1204C73F2A205F850004097A /* FirebaseFirestoreCombine-Community in Frameworks */,
				1204C7432A205F850004097A /* FirebaseStorage in Frameworks */,
				1204C73D2A205F850004097A /* FirebaseFirestore in Frameworks */,
				1204C7452A205F850004097A /* FirebaseStorageCombine-Community in Frameworks */,
				1204C7372A205F850004097A /* FirebaseAuthCombine-Community in Frameworks */,
				12B1F0922A2734AF0005D60A /* MessageKit in Frameworks */,
				12B1F0AD2A273D440005D60A /* SnapKit in Frameworks */,
			);
			runOnlyForDeploymentPostprocessing = 0;
		};
/* End PBXFrameworksBuildPhase section */

/* Begin PBXGroup section */
		12B1F0982A2735910005D60A /* Extension */ = {
			isa = PBXGroup;
			children = (
				12B1F0992A2735A50005D60A /* BaseViewController.swift */,
				12B1F0A32A2737280005D60A /* BaseNavigationController.swift */,
			);
			path = Extension;
			sourceTree = "<group>";
		};
		12B1F09B2A2735C80005D60A /* View */ = {
			isa = PBXGroup;
			children = (
				12B1F09C2A2735D40005D60A /* ChannelTableViewCell.swift */,
			);
			path = View;
			sourceTree = "<group>";
		};
		12B1F09E2A2736910005D60A /* Model */ = {
			isa = PBXGroup;
			children = (
				12B1F09F2A2736A10005D60A /* Channel.swift */,
				12B1F0A12A2736FA0005D60A /* Mocks.swift */,
				12B1F0A52A2738DD0005D60A /* Message.swift */,
				12B1F0A72A2738F20005D60A /* ImageMediaItem.swift */,
			);
			path = Model;
			sourceTree = "<group>";
		};
		12D183902A2055B300CA696E = {
			isa = PBXGroup;
			children = (
				12D1839B2A2055B300CA696E /* chatting */,
				12D1839A2A2055B300CA696E /* Products */,
			);
			sourceTree = "<group>";
		};
		12D1839A2A2055B300CA696E /* Products */ = {
			isa = PBXGroup;
			children = (
				12D183992A2055B300CA696E /* chatting.app */,
			);
			name = Products;
			sourceTree = "<group>";
		};
		12D1839B2A2055B300CA696E /* chatting */ = {
			isa = PBXGroup;
			children = (
				12B1F09E2A2736910005D60A /* Model */,
				12B1F09B2A2735C80005D60A /* View */,
				12B1F0982A2735910005D60A /* Extension */,
				1278FB5F2A205A2100C1D18B /* ChatViewController.swift */,
				1278FB5D2A205A0300C1D18B /* LoginViewController.swift */,
				12D1839C2A2055B300CA696E /* AppDelegate.swift */,
				12D1839E2A2055B300CA696E /* SceneDelegate.swift */,
				12D183A02A2055B300CA696E /* ViewController.swift */,
				12DCE5FB2A20571F00CE0B54 /* SignupViewController.swift */,
				12D183A22A2055B300CA696E /* Main.storyboard */,
				12D183A52A2055B500CA696E /* Assets.xcassets */,
				12D183A72A2055B500CA696E /* LaunchScreen.storyboard */,
				F4DE1AC02A26FAAB005267D1 /* GoogleService-Info.plist */,
				12D183AA2A2055B500CA696E /* Info.plist */,
				12B1F0A92A27390F0005D60A /* Sender.swift */,
			);
			path = chatting;
			sourceTree = "<group>";
		};
/* End PBXGroup section */

/* Begin PBXNativeTarget section */
		12D183982A2055B300CA696E /* chatting */ = {
			isa = PBXNativeTarget;
			buildConfigurationList = 12D183AD2A2055B500CA696E /* Build configuration list for PBXNativeTarget "chatting" */;
			buildPhases = (
				12D183952A2055B300CA696E /* Sources */,
				12D183962A2055B300CA696E /* Frameworks */,
				12D183972A2055B300CA696E /* Resources */,
			);
			buildRules = (
			);
			dependencies = (
			);
			name = chatting;
			packageProductDependencies = (
				1204C7342A205F850004097A /* FirebaseAuth */,
				1204C7362A205F850004097A /* FirebaseAuthCombine-Community */,
				1204C7382A205F850004097A /* FirebaseDatabase */,
				1204C73A2A205F850004097A /* FirebaseDatabaseSwift */,
				1204C73C2A205F850004097A /* FirebaseFirestore */,
				1204C73E2A205F850004097A /* FirebaseFirestoreCombine-Community */,
				1204C7402A205F850004097A /* FirebaseFirestoreSwift */,
				1204C7422A205F850004097A /* FirebaseStorage */,
				1204C7442A205F850004097A /* FirebaseStorageCombine-Community */,
				12B1F0912A2734AF0005D60A /* MessageKit */,
				12B1F0AC2A273D440005D60A /* SnapKit */,
			);
			productName = chatting;
			productReference = 12D183992A2055B300CA696E /* chatting.app */;
			productType = "com.apple.product-type.application";
		};
/* End PBXNativeTarget section */

/* Begin PBXProject section */
		12D183912A2055B300CA696E /* Project object */ = {
			isa = PBXProject;
			attributes = {
				BuildIndependentTargetsInParallel = 1;
				LastSwiftUpdateCheck = 1420;
				LastUpgradeCheck = 1420;
				TargetAttributes = {
					12D183982A2055B300CA696E = {
						CreatedOnToolsVersion = 14.2;
					};
				};
			};
			buildConfigurationList = 12D183942A2055B300CA696E /* Build configuration list for PBXProject "chatting" */;
			compatibilityVersion = "Xcode 14.0";
			developmentRegion = en;
			hasScannedForEncodings = 0;
			knownRegions = (
				en,
				Base,
			);
			mainGroup = 12D183902A2055B300CA696E;
			packageReferences = (
				1204C7332A205F850004097A /* XCRemoteSwiftPackageReference "firebase-ios-sdk" */,
				12B1F0902A2734AF0005D60A /* XCRemoteSwiftPackageReference "MessageKit" */,
				12B1F0AB2A273D440005D60A /* XCRemoteSwiftPackageReference "SnapKit" */,
			);
			productRefGroup = 12D1839A2A2055B300CA696E /* Products */;
			projectDirPath = "";
			projectRoot = "";
			targets = (
				12D183982A2055B300CA696E /* chatting */,
			);
		};
/* End PBXProject section */

/* Begin PBXResourcesBuildPhase section */
		12D183972A2055B300CA696E /* Resources */ = {
			isa = PBXResourcesBuildPhase;
			buildActionMask = 2147483647;
			files = (
				12418F0E2A27017C00BB7987 /* GoogleService-Info.plist in Resources */,
				12D183A92A2055B500CA696E /* LaunchScreen.storyboard in Resources */,
				12D183A62A2055B500CA696E /* Assets.xcassets in Resources */,
				12D183A42A2055B300CA696E /* Main.storyboard in Resources */,
			);
			runOnlyForDeploymentPostprocessing = 0;
		};
/* End PBXResourcesBuildPhase section */

/* Begin PBXSourcesBuildPhase section */
		12D183952A2055B300CA696E /* Sources */ = {
			isa = PBXSourcesBuildPhase;
			buildActionMask = 2147483647;
			files = (
				12B1F0AA2A27390F0005D60A /* Sender.swift in Sources */,
				F15B222D2A24E78F00CAED3C /* ViewController.swift in Sources */,
				12B1F0A82A2738F20005D60A /* ImageMediaItem.swift in Sources */,
				12B1F0A02A2736A10005D60A /* Channel.swift in Sources */,
				12DCE5FC2A20571F00CE0B54 /* SignupViewController.swift in Sources */,
				12D1839F2A2055B300CA696E /* SceneDelegate.swift in Sources */,
				12B1F09D2A2735D40005D60A /* ChannelTableViewCell.swift in Sources */,
				12B1F0A22A2736FA0005D60A /* Mocks.swift in Sources */,
				12B1F0A62A2738DD0005D60A /* Message.swift in Sources */,
				1278FB602A205A2100C1D18B /* ChatViewController.swift in Sources */,
				1278FB5E2A205A0300C1D18B /* LoginViewController.swift in Sources */,
				12B1F0A42A2737280005D60A /* BaseNavigationController.swift in Sources */,
				12B1F09A2A2735A50005D60A /* BaseViewController.swift in Sources */,
			);
			runOnlyForDeploymentPostprocessing = 0;
		};
/* End PBXSourcesBuildPhase section */

/* Begin PBXVariantGroup section */
		12D183A22A2055B300CA696E /* Main.storyboard */ = {
			isa = PBXVariantGroup;
			children = (
				12D183A32A2055B300CA696E /* Base */,
			);
			name = Main.storyboard;
			sourceTree = "<group>";
		};
		12D183A72A2055B500CA696E /* LaunchScreen.storyboard */ = {
			isa = PBXVariantGroup;
			children = (
				12D183A82A2055B500CA696E /* Base */,
			);
			name = LaunchScreen.storyboard;
			sourceTree = "<group>";
		};
/* End PBXVariantGroup section */

/* Begin XCBuildConfiguration section */
		12D183AB2A2055B500CA696E /* Debug */ = {
			isa = XCBuildConfiguration;
			buildSettings = {
				ALWAYS_SEARCH_USER_PATHS = NO;
				CLANG_ANALYZER_NONNULL = YES;
				CLANG_ANALYZER_NUMBER_OBJECT_CONVERSION = YES_AGGRESSIVE;
				CLANG_CXX_LANGUAGE_STANDARD = "gnu++20";
				CLANG_ENABLE_MODULES = YES;
				CLANG_ENABLE_OBJC_ARC = YES;
				CLANG_ENABLE_OBJC_WEAK = YES;
				CLANG_WARN_BLOCK_CAPTURE_AUTORELEASING = YES;
				CLANG_WARN_BOOL_CONVERSION = YES;
				CLANG_WARN_COMMA = YES;
				CLANG_WARN_CONSTANT_CONVERSION = YES;
				CLANG_WARN_DEPRECATED_OBJC_IMPLEMENTATIONS = YES;
				CLANG_WARN_DIRECT_OBJC_ISA_USAGE = YES_ERROR;
				CLANG_WARN_DOCUMENTATION_COMMENTS = YES;
				CLANG_WARN_EMPTY_BODY = YES;
				CLANG_WARN_ENUM_CONVERSION = YES;
				CLANG_WARN_INFINITE_RECURSION = YES;
				CLANG_WARN_INT_CONVERSION = YES;
				CLANG_WARN_NON_LITERAL_NULL_CONVERSION = YES;
				CLANG_WARN_OBJC_IMPLICIT_RETAIN_SELF = YES;
				CLANG_WARN_OBJC_LITERAL_CONVERSION = YES;
				CLANG_WARN_OBJC_ROOT_CLASS = YES_ERROR;
				CLANG_WARN_QUOTED_INCLUDE_IN_FRAMEWORK_HEADER = YES;
				CLANG_WARN_RANGE_LOOP_ANALYSIS = YES;
				CLANG_WARN_STRICT_PROTOTYPES = YES;
				CLANG_WARN_SUSPICIOUS_MOVE = YES;
				CLANG_WARN_UNGUARDED_AVAILABILITY = YES_AGGRESSIVE;
				CLANG_WARN_UNREACHABLE_CODE = YES;
				CLANG_WARN__DUPLICATE_METHOD_MATCH = YES;
				COPY_PHASE_STRIP = NO;
				DEBUG_INFORMATION_FORMAT = dwarf;
				ENABLE_STRICT_OBJC_MSGSEND = YES;
				ENABLE_TESTABILITY = YES;
				GCC_C_LANGUAGE_STANDARD = gnu11;
				GCC_DYNAMIC_NO_PIC = NO;
				GCC_NO_COMMON_BLOCKS = YES;
				GCC_OPTIMIZATION_LEVEL = 0;
				GCC_PREPROCESSOR_DEFINITIONS = (
					"DEBUG=1",
					"$(inherited)",
				);
				GCC_WARN_64_TO_32_BIT_CONVERSION = YES;
				GCC_WARN_ABOUT_RETURN_TYPE = YES_ERROR;
				GCC_WARN_UNDECLARED_SELECTOR = YES;
				GCC_WARN_UNINITIALIZED_AUTOS = YES_AGGRESSIVE;
				GCC_WARN_UNUSED_FUNCTION = YES;
				GCC_WARN_UNUSED_VARIABLE = YES;
				IPHONEOS_DEPLOYMENT_TARGET = 16.2;
				MTL_ENABLE_DEBUG_INFO = INCLUDE_SOURCE;
				MTL_FAST_MATH = YES;
				ONLY_ACTIVE_ARCH = YES;
				SDKROOT = iphoneos;
				SWIFT_ACTIVE_COMPILATION_CONDITIONS = DEBUG;
				SWIFT_OPTIMIZATION_LEVEL = "-Onone";
			};
			name = Debug;
		};
		12D183AC2A2055B500CA696E /* Release */ = {
			isa = XCBuildConfiguration;
			buildSettings = {
				ALWAYS_SEARCH_USER_PATHS = NO;
				CLANG_ANALYZER_NONNULL = YES;
				CLANG_ANALYZER_NUMBER_OBJECT_CONVERSION = YES_AGGRESSIVE;
				CLANG_CXX_LANGUAGE_STANDARD = "gnu++20";
				CLANG_ENABLE_MODULES = YES;
				CLANG_ENABLE_OBJC_ARC = YES;
				CLANG_ENABLE_OBJC_WEAK = YES;
				CLANG_WARN_BLOCK_CAPTURE_AUTORELEASING = YES;
				CLANG_WARN_BOOL_CONVERSION = YES;
				CLANG_WARN_COMMA = YES;
				CLANG_WARN_CONSTANT_CONVERSION = YES;
				CLANG_WARN_DEPRECATED_OBJC_IMPLEMENTATIONS = YES;
				CLANG_WARN_DIRECT_OBJC_ISA_USAGE = YES_ERROR;
				CLANG_WARN_DOCUMENTATION_COMMENTS = YES;
				CLANG_WARN_EMPTY_BODY = YES;
				CLANG_WARN_ENUM_CONVERSION = YES;
				CLANG_WARN_INFINITE_RECURSION = YES;
				CLANG_WARN_INT_CONVERSION = YES;
				CLANG_WARN_NON_LITERAL_NULL_CONVERSION = YES;
				CLANG_WARN_OBJC_IMPLICIT_RETAIN_SELF = YES;
				CLANG_WARN_OBJC_LITERAL_CONVERSION = YES;
				CLANG_WARN_OBJC_ROOT_CLASS = YES_ERROR;
				CLANG_WARN_QUOTED_INCLUDE_IN_FRAMEWORK_HEADER = YES;
				CLANG_WARN_RANGE_LOOP_ANALYSIS = YES;
				CLANG_WARN_STRICT_PROTOTYPES = YES;
				CLANG_WARN_SUSPICIOUS_MOVE = YES;
				CLANG_WARN_UNGUARDED_AVAILABILITY = YES_AGGRESSIVE;
				CLANG_WARN_UNREACHABLE_CODE = YES;
				CLANG_WARN__DUPLICATE_METHOD_MATCH = YES;
				COPY_PHASE_STRIP = NO;
				DEBUG_INFORMATION_FORMAT = "dwarf-with-dsym";
				ENABLE_NS_ASSERTIONS = NO;
				ENABLE_STRICT_OBJC_MSGSEND = YES;
				GCC_C_LANGUAGE_STANDARD = gnu11;
				GCC_NO_COMMON_BLOCKS = YES;
				GCC_WARN_64_TO_32_BIT_CONVERSION = YES;
				GCC_WARN_ABOUT_RETURN_TYPE = YES_ERROR;
				GCC_WARN_UNDECLARED_SELECTOR = YES;
				GCC_WARN_UNINITIALIZED_AUTOS = YES_AGGRESSIVE;
				GCC_WARN_UNUSED_FUNCTION = YES;
				GCC_WARN_UNUSED_VARIABLE = YES;
				IPHONEOS_DEPLOYMENT_TARGET = 16.2;
				MTL_ENABLE_DEBUG_INFO = NO;
				MTL_FAST_MATH = YES;
				SDKROOT = iphoneos;
				SWIFT_COMPILATION_MODE = wholemodule;
				SWIFT_OPTIMIZATION_LEVEL = "-O";
				VALIDATE_PRODUCT = YES;
			};
			name = Release;
		};
		12D183AE2A2055B500CA696E /* Debug */ = {
			isa = XCBuildConfiguration;
			buildSettings = {
				ASSETCATALOG_COMPILER_APPICON_NAME = AppIcon;
				ASSETCATALOG_COMPILER_GLOBAL_ACCENT_COLOR_NAME = AccentColor;
				CODE_SIGN_STYLE = Automatic;
				CURRENT_PROJECT_VERSION = 1;
				DEVELOPMENT_TEAM = 9K54P9AQQC;
				GENERATE_INFOPLIST_FILE = YES;
				INFOPLIST_FILE = chatting/Info.plist;
				INFOPLIST_KEY_UIApplicationSupportsIndirectInputEvents = YES;
				INFOPLIST_KEY_UILaunchStoryboardName = LaunchScreen;
				INFOPLIST_KEY_UIMainStoryboardFile = Main;
				INFOPLIST_KEY_UISupportedInterfaceOrientations_iPad = "UIInterfaceOrientationPortrait UIInterfaceOrientationPortraitUpsideDown UIInterfaceOrientationLandscapeLeft UIInterfaceOrientationLandscapeRight";
				INFOPLIST_KEY_UISupportedInterfaceOrientations_iPhone = "UIInterfaceOrientationPortrait UIInterfaceOrientationLandscapeLeft UIInterfaceOrientationLandscapeRight";
				LD_RUNPATH_SEARCH_PATHS = (
					"$(inherited)",
					"@executable_path/Frameworks",
				);
				MARKETING_VERSION = 1.0;
				PRODUCT_BUNDLE_IDENTIFIER = smartrobot.chatting;
				PRODUCT_NAME = "$(TARGET_NAME)";
				SWIFT_EMIT_LOC_STRINGS = YES;
				SWIFT_VERSION = 5.0;
				TARGETED_DEVICE_FAMILY = "1,2";
			};
			name = Debug;
		};
		12D183AF2A2055B500CA696E /* Release */ = {
			isa = XCBuildConfiguration;
			buildSettings = {
				ASSETCATALOG_COMPILER_APPICON_NAME = AppIcon;
				ASSETCATALOG_COMPILER_GLOBAL_ACCENT_COLOR_NAME = AccentColor;
				CODE_SIGN_STYLE = Automatic;
				CURRENT_PROJECT_VERSION = 1;
				DEVELOPMENT_TEAM = 9K54P9AQQC;
				GENERATE_INFOPLIST_FILE = YES;
				INFOPLIST_FILE = chatting/Info.plist;
				INFOPLIST_KEY_UIApplicationSupportsIndirectInputEvents = YES;
				INFOPLIST_KEY_UILaunchStoryboardName = LaunchScreen;
				INFOPLIST_KEY_UIMainStoryboardFile = Main;
				INFOPLIST_KEY_UISupportedInterfaceOrientations_iPad = "UIInterfaceOrientationPortrait UIInterfaceOrientationPortraitUpsideDown UIInterfaceOrientationLandscapeLeft UIInterfaceOrientationLandscapeRight";
				INFOPLIST_KEY_UISupportedInterfaceOrientations_iPhone = "UIInterfaceOrientationPortrait UIInterfaceOrientationLandscapeLeft UIInterfaceOrientationLandscapeRight";
				LD_RUNPATH_SEARCH_PATHS = (
					"$(inherited)",
					"@executable_path/Frameworks",
				);
				MARKETING_VERSION = 1.0;
				PRODUCT_BUNDLE_IDENTIFIER = smartrobot.chatting;
				PRODUCT_NAME = "$(TARGET_NAME)";
				SWIFT_EMIT_LOC_STRINGS = YES;
				SWIFT_VERSION = 5.0;
				TARGETED_DEVICE_FAMILY = "1,2";
			};
			name = Release;
		};
/* End XCBuildConfiguration section */

/* Begin XCConfigurationList section */
		12D183942A2055B300CA696E /* Build configuration list for PBXProject "chatting" */ = {
			isa = XCConfigurationList;
			buildConfigurations = (
				12D183AB2A2055B500CA696E /* Debug */,
				12D183AC2A2055B500CA696E /* Release */,
			);
			defaultConfigurationIsVisible = 0;
			defaultConfigurationName = Release;
		};
		12D183AD2A2055B500CA696E /* Build configuration list for PBXNativeTarget "chatting" */ = {
			isa = XCConfigurationList;
			buildConfigurations = (
				12D183AE2A2055B500CA696E /* Debug */,
				12D183AF2A2055B500CA696E /* Release */,
			);
			defaultConfigurationIsVisible = 0;
			defaultConfigurationName = Release;
		};
/* End XCConfigurationList section */

/* Begin XCRemoteSwiftPackageReference section */
		1204C7332A205F850004097A /* XCRemoteSwiftPackageReference "firebase-ios-sdk" */ = {
			isa = XCRemoteSwiftPackageReference;
			repositoryURL = "https://github.com/firebase/firebase-ios-sdk";
			requirement = {
				branch = master;
				kind = branch;
			};
		};
		12B1F0902A2734AF0005D60A /* XCRemoteSwiftPackageReference "MessageKit" */ = {
			isa = XCRemoteSwiftPackageReference;
			repositoryURL = "https://github.com/MessageKit/MessageKit";
			requirement = {
				branch = main;
				kind = branch;
			};
		};
		12B1F0AB2A273D440005D60A /* XCRemoteSwiftPackageReference "SnapKit" */ = {
			isa = XCRemoteSwiftPackageReference;
			repositoryURL = "https://github.com/SnapKit/SnapKit.git";
			requirement = {
				branch = develop;
				kind = branch;
			};
		};
/* End XCRemoteSwiftPackageReference section */

/* Begin XCSwiftPackageProductDependency section */
		1204C7342A205F850004097A /* FirebaseAuth */ = {
			isa = XCSwiftPackageProductDependency;
			package = 1204C7332A205F850004097A /* XCRemoteSwiftPackageReference "firebase-ios-sdk" */;
			productName = FirebaseAuth;
		};
		1204C7362A205F850004097A /* FirebaseAuthCombine-Community */ = {
			isa = XCSwiftPackageProductDependency;
			package = 1204C7332A205F850004097A /* XCRemoteSwiftPackageReference "firebase-ios-sdk" */;
			productName = "FirebaseAuthCombine-Community";
		};
		1204C7382A205F850004097A /* FirebaseDatabase */ = {
			isa = XCSwiftPackageProductDependency;
			package = 1204C7332A205F850004097A /* XCRemoteSwiftPackageReference "firebase-ios-sdk" */;
			productName = FirebaseDatabase;
		};
		1204C73A2A205F850004097A /* FirebaseDatabaseSwift */ = {
			isa = XCSwiftPackageProductDependency;
			package = 1204C7332A205F850004097A /* XCRemoteSwiftPackageReference "firebase-ios-sdk" */;
			productName = FirebaseDatabaseSwift;
		};
		1204C73C2A205F850004097A /* FirebaseFirestore */ = {
			isa = XCSwiftPackageProductDependency;
			package = 1204C7332A205F850004097A /* XCRemoteSwiftPackageReference "firebase-ios-sdk" */;
			productName = FirebaseFirestore;
		};
		1204C73E2A205F850004097A /* FirebaseFirestoreCombine-Community */ = {
			isa = XCSwiftPackageProductDependency;
			package = 1204C7332A205F850004097A /* XCRemoteSwiftPackageReference "firebase-ios-sdk" */;
			productName = "FirebaseFirestoreCombine-Community";
		};
		1204C7402A205F850004097A /* FirebaseFirestoreSwift */ = {
			isa = XCSwiftPackageProductDependency;
			package = 1204C7332A205F850004097A /* XCRemoteSwiftPackageReference "firebase-ios-sdk" */;
			productName = FirebaseFirestoreSwift;
		};
		1204C7422A205F850004097A /* FirebaseStorage */ = {
			isa = XCSwiftPackageProductDependency;
			package = 1204C7332A205F850004097A /* XCRemoteSwiftPackageReference "firebase-ios-sdk" */;
			productName = FirebaseStorage;
		};
		1204C7442A205F850004097A /* FirebaseStorageCombine-Community */ = {
			isa = XCSwiftPackageProductDependency;
			package = 1204C7332A205F850004097A /* XCRemoteSwiftPackageReference "firebase-ios-sdk" */;
			productName = "FirebaseStorageCombine-Community";
		};
		12B1F0912A2734AF0005D60A /* MessageKit */ = {
			isa = XCSwiftPackageProductDependency;
			package = 12B1F0902A2734AF0005D60A /* XCRemoteSwiftPackageReference "MessageKit" */;
			productName = MessageKit;
		};
		12B1F0AC2A273D440005D60A /* SnapKit */ = {
			isa = XCSwiftPackageProductDependency;
			package = 12B1F0AB2A273D440005D60A /* XCRemoteSwiftPackageReference "SnapKit" */;
			productName = SnapKit;
		};
/* End XCSwiftPackageProductDependency section */
	};
	rootObject = 12D183912A2055B300CA696E /* Project object */;
}
